
Microsoft Visual Studio Solution File, Format Version 12.00
# Visual Studio Version 16
VisualStudioVersion = 16.0.30002.166
MinimumVisualStudioVersion = 10.0.40219.1
Project("{F184B08F-C81C-45F6-A57F-5ABD9991F28F}") = "textcode", "textcode\textcode.vbproj", "{D539646C-4C13-43FB-92BF-98EF919FB455}"
EndProject
Global
	GlobalSection(SolutionConfigurationPlatforms) = preSolution
		Debug|Any CPU = Debug|Any CPU
		Release|Any CPU = Release|Any CPU
	EndGlobalSection
	GlobalSection(ProjectConfigurationPlatforms) = postSolution
		{D539646C-4C13-43FB-92BF-98EF919FB455}.Debug|Any CPU.ActiveCfg = Debug|Any CPU
		{D539646C-4C13-43FB-92BF-98EF919FB455}.Debug|Any CPU.Build.0 = Debug|Any CPU
		{D539646C-4C13-43FB-92BF-98EF919FB455}.Release|Any CPU.ActiveCfg = Release|Any CPU
		{D539646C-4C13-43FB-92BF-98EF919FB455}.Release|Any CPU.Build.0 = Release|Any CPU
	EndGlobalSection
	GlobalSection(SolutionProperties) = preSolution
		HideSolutionNode = FALSE
	EndGlobalSection
	GlobalSection(ExtensibilityGlobals) = postSolution
		SolutionGuid = {62B241E0-FED2-4C23-99BE-A69B17E129CD}
	EndGlobalSection
EndGlobal
